// !$*UTF8*$!
{
	archiveVersion = 1;
	classes = {
	};
	objectVersion = 50;
	objects = {

/* Begin PBXBuildFile section */
		2E12585F26E5AD8F0032954D /* Flag_Raising_ProApp.swift in Sources */ = {isa = PBXBuildFile; fileRef = 2E12585E26E5AD8F0032954D /* Flag_Raising_ProApp.swift */; };
		2E12586126E5AD8F0032954D /* ContentView.swift in Sources */ = {isa = PBXBuildFile; fileRef = 2E12586026E5AD8F0032954D /* ContentView.swift */; };
		2E12586326E5AD920032954D /* Assets.xcassets in Resources */ = {isa = PBXBuildFile; fileRef = 2E12586226E5AD920032954D /* Assets.xcassets */; };
		2E12586626E5AD920032954D /* Preview Assets.xcassets in Resources */ = {isa = PBXBuildFile; fileRef = 2E12586526E5AD920032954D /* Preview Assets.xcassets */; };
		2E12587126E5AD920032954D /* Flag_Raising_ProTests.swift in Sources */ = {isa = PBXBuildFile; fileRef = 2E12587026E5AD920032954D /* Flag_Raising_ProTests.swift */; };
		2E12587C26E5AD920032954D /* Flag_Raising_ProUITests.swift in Sources */ = {isa = PBXBuildFile; fileRef = 2E12587B26E5AD920032954D /* Flag_Raising_ProUITests.swift */; };
/* End PBXBuildFile section */

/* Begin PBXContainerItemProxy section */
		2E12586D26E5AD920032954D /* PBXContainerItemProxy */ = {
			isa = PBXContainerItemProxy;
			containerPortal = 2E12585326E5AD8F0032954D /* Project object */;
			proxyType = 1;
			remoteGlobalIDString = 2E12585A26E5AD8F0032954D;
			remoteInfo = "Flag-Raising Pro";
		};
		2E12587826E5AD920032954D /* PBXContainerItemProxy */ = {
			isa = PBXContainerItemProxy;
			containerPortal = 2E12585326E5AD8F0032954D /* Project object */;
			proxyType = 1;
			remoteGlobalIDString = 2E12585A26E5AD8F0032954D;
			remoteInfo = "Flag-Raising Pro";
		};
/* End PBXContainerItemProxy section */

/* Begin PBXFileReference section */
		2E12585B26E5AD8F0032954D /* Flag-Raising Pro.app */ = {isa = PBXFileReference; explicitFileType = wrapper.application; includeInIndex = 0; path = "Flag-Raising Pro.app"; sourceTree = BUILT_PRODUCTS_DIR; };
		2E12585E26E5AD8F0032954D /* Flag_Raising_ProApp.swift */ = {isa = PBXFileReference; lastKnownFileType = sourcecode.swift; path = Flag_Raising_ProApp.swift; sourceTree = "<group>"; };
		2E12586026E5AD8F0032954D /* ContentView.swift */ = {isa = PBXFileReference; lastKnownFileType = sourcecode.swift; path = ContentView.swift; sourceTree = "<group>"; };
		2E12586226E5AD920032954D /* Assets.xcassets */ = {isa = PBXFileReference; lastKnownFileType = folder.assetcatalog; path = Assets.xcassets; sourceTree = "<group>"; };
		2E12586526E5AD920032954D /* Preview Assets.xcassets */ = {isa = PBXFileReference; lastKnownFileType = folder.assetcatalog; path = "Preview Assets.xcassets"; sourceTree = "<group>"; };
		2E12586726E5AD920032954D /* Info.plist */ = {isa = PBXFileReference; lastKnownFileType = text.plist.xml; path = Info.plist; sourceTree = "<group>"; };
		2E12586C26E5AD920032954D /* Flag-Raising ProTests.xctest */ = {isa = PBXFileReference; explicitFileType = wrapper.cfbundle; includeInIndex = 0; path = "Flag-Raising ProTests.xctest"; sourceTree = BUILT_PRODUCTS_DIR; };
		2E12587026E5AD920032954D /* Flag_Raising_ProTests.swift */ = {isa = PBXFileReference; lastKnownFileType = sourcecode.swift; path = Flag_Raising_ProTests.swift; sourceTree = "<group>"; };
		2E12587226E5AD920032954D /* Info.plist */ = {isa = PBXFileReference; lastKnownFileType = text.plist.xml; path = Info.plist; sourceTree = "<group>"; };
		2E12587726E5AD920032954D /* Flag-Raising ProUITests.xctest */ = {isa = PBXFileReference; explicitFileType = wrapper.cfbundle; includeInIndex = 0; path = "Flag-Raising ProUITests.xctest"; sourceTree = BUILT_PRODUCTS_DIR; };
		2E12587B26E5AD920032954D /* Flag_Raising_ProUITests.swift */ = {isa = PBXFileReference; lastKnownFileType = sourcecode.swift; path = Flag_Raising_ProUITests.swift; sourceTree = "<group>"; };
		2E12587D26E5AD920032954D /* Info.plist */ = {isa = PBXFileReference; lastKnownFileType = text.plist.xml; path = Info.plist; sourceTree = "<group>"; };
/* End PBXFileReference section */

/* Begin PBXFrameworksBuildPhase section */
		2E12585826E5AD8F0032954D /* Frameworks */ = {
			isa = PBXFrameworksBuildPhase;
			buildActionMask = 2147483647;
			files = (
			);
			runOnlyForDeploymentPostprocessing = 0;
		};
		2E12586926E5AD920032954D /* Frameworks */ = {
			isa = PBXFrameworksBuildPhase;
			buildActionMask = 2147483647;
			files = (
			);
			runOnlyForDeploymentPostprocessing = 0;
		};
		2E12587426E5AD920032954D /* Frameworks */ = {
			isa = PBXFrameworksBuildPhase;
			buildActionMask = 2147483647;
			files = (
			);
			runOnlyForDeploymentPostprocessing = 0;
		};
/* End PBXFrameworksBuildPhase section */

/* Begin PBXGroup section */
		2E12585226E5AD8F0032954D = {
			isa = PBXGroup;
			children = (
				2E12585D26E5AD8F0032954D /* Flag-Raising Pro */,
				2E12586F26E5AD920032954D /* Flag-Raising ProTests */,
				2E12587A26E5AD920032954D /* Flag-Raising ProUITests */,
				2E12585C26E5AD8F0032954D /* Products */,
			);
			sourceTree = "<group>";
		};
		2E12585C26E5AD8F0032954D /* Products */ = {
			isa = PBXGroup;
			children = (
				2E12585B26E5AD8F0032954D /* Flag-Raising Pro.app */,
				2E12586C26E5AD920032954D /* Flag-Raising ProTests.xctest */,
				2E12587726E5AD920032954D /* Flag-Raising ProUITests.xctest */,
			);
			name = Products;
			sourceTree = "<group>";
		};
		2E12585D26E5AD8F0032954D /* Flag-Raising Pro */ = {
			isa = PBXGroup;
			children = (
				2E12585E26E5AD8F0032954D /* Flag_Raising_ProApp.swift */,
				2E12586026E5AD8F0032954D /* ContentView.swift */,
				2E12586226E5AD920032954D /* Assets.xcassets */,
				2E12586726E5AD920032954D /* Info.plist */,
				2E12586426E5AD920032954D /* Preview Content */,
			);
			path = "Flag-Raising Pro";
			sourceTree = "<group>";
		};
		2E12586426E5AD920032954D /* Preview Content */ = {
			isa = PBXGroup;
			children = (
				2E12586526E5AD920032954D /* Preview Assets.xcassets */,
			);
			path = "Preview Content";
			sourceTree = "<group>";
		};
		2E12586F26E5AD920032954D /* Flag-Raising ProTests */ = {
			isa = PBXGroup;
			children = (
				2E12587026E5AD920032954D /* Flag_Raising_ProTests.swift */,
				2E12587226E5AD920032954D /* Info.plist */,
			);
			path = "Flag-Raising ProTests";
			sourceTree = "<group>";
		};
		2E12587A26E5AD920032954D /* Flag-Raising ProUITests */ = {
			isa = PBXGroup;
			children = (
				2E12587B26E5AD920032954D /* Flag_Raising_ProUITests.swift */,
				2E12587D26E5AD920032954D /* Info.plist */,
			);
			path = "Flag-Raising ProUITests";
			sourceTree = "<group>";
		};
/* End PBXGroup section */

/* Begin PBXNativeTarget section */
		2E12585A26E5AD8F0032954D /* Flag-Raising Pro */ = {
			isa = PBXNativeTarget;
			buildConfigurationList = 2E12588026E5AD920032954D /* Build configuration list for PBXNativeTarget "Flag-Raising Pro" */;
			buildPhases = (
				2E12585726E5AD8F0032954D /* Sources */,
				2E12585826E5AD8F0032954D /* Frameworks */,
				2E12585926E5AD8F0032954D /* Resources */,
			);
			buildRules = (
			);
			dependencies = (
			);
			name = "Flag-Raising Pro";
			productName = "Flag-Raising Pro";
			productReference = 2E12585B26E5AD8F0032954D /* Flag-Raising Pro.app */;
			productType = "com.apple.product-type.application";
		};
		2E12586B26E5AD920032954D /* Flag-Raising ProTests */ = {
			isa = PBXNativeTarget;
			buildConfigurationList = 2E12588326E5AD920032954D /* Build configuration list for PBXNativeTarget "Flag-Raising ProTests" */;
			buildPhases = (
				2E12586826E5AD920032954D /* Sources */,
				2E12586926E5AD920032954D /* Frameworks */,
				2E12586A26E5AD920032954D /* Resources */,
			);
			buildRules = (
			);
			dependencies = (
				2E12586E26E5AD920032954D /* PBXTargetDependency */,
			);
			name = "Flag-Raising ProTests";
			productName = "Flag-Raising ProTests";
			productReference = 2E12586C26E5AD920032954D /* Flag-Raising ProTests.xctest */;
			productType = "com.apple.product-type.bundle.unit-test";
		};
		2E12587626E5AD920032954D /* Flag-Raising ProUITests */ = {
			isa = PBXNativeTarget;
			buildConfigurationList = 2E12588626E5AD920032954D /* Build configuration list for PBXNativeTarget "Flag-Raising ProUITests" */;
			buildPhases = (
				2E12587326E5AD920032954D /* Sources */,
				2E12587426E5AD920032954D /* Frameworks */,
				2E12587526E5AD920032954D /* Resources */,
			);
			buildRules = (
			);
			dependencies = (
				2E12587926E5AD920032954D /* PBXTargetDependency */,
			);
			name = "Flag-Raising ProUITests";
			productName = "Flag-Raising ProUITests";
			productReference = 2E12587726E5AD920032954D /* Flag-Raising ProUITests.xctest */;
			productType = "com.apple.product-type.bundle.ui-testing";
		};
/* End PBXNativeTarget section */

/* Begin PBXProject section */
		2E12585326E5AD8F0032954D /* Project object */ = {
			isa = PBXProject;
			attributes = {
				LastSwiftUpdateCheck = 1250;
				LastUpgradeCheck = 1250;
				TargetAttributes = {
					2E12585A26E5AD8F0032954D = {
						CreatedOnToolsVersion = 12.5;
					};
					2E12586B26E5AD920032954D = {
						CreatedOnToolsVersion = 12.5;
						TestTargetID = 2E12585A26E5AD8F0032954D;
					};
					2E12587626E5AD920032954D = {
						CreatedOnToolsVersion = 12.5;
						TestTargetID = 2E12585A26E5AD8F0032954D;
					};
				};
			};
			buildConfigurationList = 2E12585626E5AD8F0032954D /* Build configuration list for PBXProject "Flag-Raising Pro" */;
			compatibilityVersion = "Xcode 9.3";
			developmentRegion = en;
			hasScannedForEncodings = 0;
			knownRegions = (
				en,
				Base,
			);
			mainGroup = 2E12585226E5AD8F0032954D;
			productRefGroup = 2E12585C26E5AD8F0032954D /* Products */;
			projectDirPath = "";
			projectRoot = "";
			targets = (
				2E12585A26E5AD8F0032954D /* Flag-Raising Pro */,
				2E12586B26E5AD920032954D /* Flag-Raising ProTests */,
				2E12587626E5AD920032954D /* Flag-Raising ProUITests */,
			);
		};
/* End PBXProject section */

/* Begin PBXResourcesBuildPhase section */
		2E12585926E5AD8F0032954D /* Resources */ = {
			isa = PBXResourcesBuildPhase;
			buildActionMask = 2147483647;
			files = (
				2E12586626E5AD920032954D /* Preview Assets.xcassets in Resources */,
				2E12586326E5AD920032954D /* Assets.xcassets in Resources */,
			);
			runOnlyForDeploymentPostprocessing = 0;
		};
		2E12586A26E5AD920032954D /* Resources */ = {
			isa = PBXResourcesBuildPhase;
			buildActionMask = 2147483647;
			files = (
			);
			runOnlyForDeploymentPostprocessing = 0;
		};
		2E12587526E5AD920032954D /* Resources */ = {
			isa = PBXResourcesBuildPhase;
			buildActionMask = 2147483647;
			files = (
			);
			runOnlyForDeploymentPostprocessing = 0;
		};
/* End PBXResourcesBuildPhase section */

/* Begin PBXSourcesBuildPhase section */
		2E12585726E5AD8F0032954D /* Sources */ = {
			isa = PBXSourcesBuildPhase;
			buildActionMask = 2147483647;
			files = (
				2E12586126E5AD8F0032954D /* ContentView.swift in Sources */,
				2E12585F26E5AD8F0032954D /* Flag_Raising_ProApp.swift in Sources */,
			);
			runOnlyForDeploymentPostprocessing = 0;
		};
		2E12586826E5AD920032954D /* Sources */ = {
			isa = PBXSourcesBuildPhase;
			buildActionMask = 2147483647;
			files = (
				2E12587126E5AD920032954D /* Flag_Raising_ProTests.swift in Sources */,
			);
			runOnlyForDeploymentPostprocessing = 0;
		};
		2E12587326E5AD920032954D /* Sources */ = {
			isa = PBXSourcesBuildPhase;
			buildActionMask = 2147483647;
			files = (
				2E12587C26E5AD920032954D /* Flag_Raising_ProUITests.swift in Sources */,
			);
			runOnlyForDeploymentPostprocessing = 0;
		};
/* End PBXSourcesBuildPhase section */

/* Begin PBXTargetDependency section */
		2E12586E26E5AD920032954D /* PBXTargetDependency */ = {
			isa = PBXTargetDependency;
			target = 2E12585A26E5AD8F0032954D /* Flag-Raising Pro */;
			targetProxy = 2E12586D26E5AD920032954D /* PBXContainerItemProxy */;
		};
		2E12587926E5AD920032954D /* PBXTargetDependency */ = {
			isa = PBXTargetDependency;
			target = 2E12585A26E5AD8F0032954D /* Flag-Raising Pro */;
			targetProxy = 2E12587826E5AD920032954D /* PBXContainerItemProxy */;
		};
/* End PBXTargetDependency section */

/* Begin XCBuildConfiguration section */
		2E12587E26E5AD920032954D /* Debug */ = {
			isa = XCBuildConfiguration;
			buildSettings = {
				ALWAYS_SEARCH_USER_PATHS = NO;
				CLANG_ANALYZER_NONNULL = YES;
				CLANG_ANALYZER_NUMBER_OBJECT_CONVERSION = YES_AGGRESSIVE;
				CLANG_CXX_LANGUAGE_STANDARD = "gnu++14";
				CLANG_CXX_LIBRARY = "libc++";
				CLANG_ENABLE_MODULES = YES;
				CLANG_ENABLE_OBJC_ARC = YES;
				CLANG_ENABLE_OBJC_WEAK = YES;
				CLANG_WARN_BLOCK_CAPTURE_AUTORELEASING = YES;
				CLANG_WARN_BOOL_CONVERSION = YES;
				CLANG_WARN_COMMA = YES;
				CLANG_WARN_CONSTANT_CONVERSION = YES;
				CLANG_WARN_DEPRECATED_OBJC_IMPLEMENTATIONS = YES;
				CLANG_WARN_DIRECT_OBJC_ISA_USAGE = YES_ERROR;
				CLANG_WARN_DOCUMENTATION_COMMENTS = YES;
				CLANG_WARN_EMPTY_BODY = YES;
				CLANG_WARN_ENUM_CONVERSION = YES;
				CLANG_WARN_INFINITE_RECURSION = YES;
				CLANG_WARN_INT_CONVERSION = YES;
				CLANG_WARN_NON_LITERAL_NULL_CONVERSION = YES;
				CLANG_WARN_OBJC_IMPLICIT_RETAIN_SELF = YES;
				CLANG_WARN_OBJC_LITERAL_CONVERSION = YES;
				CLANG_WARN_OBJC_ROOT_CLASS = YES_ERROR;
				CLANG_WARN_QUOTED_INCLUDE_IN_FRAMEWORK_HEADER = YES;
				CLANG_WARN_RANGE_LOOP_ANALYSIS = YES;
				CLANG_WARN_STRICT_PROTOTYPES = YES;
				CLANG_WARN_SUSPICIOUS_MOVE = YES;
				CLANG_WARN_UNGUARDED_AVAILABILITY = YES_AGGRESSIVE;
				CLANG_WARN_UNREACHABLE_CODE = YES;
				CLANG_WARN__DUPLICATE_METHOD_MATCH = YES;
				COPY_PHASE_STRIP = NO;
				DEBUG_INFORMATION_FORMAT = dwarf;
				ENABLE_STRICT_OBJC_MSGSEND = YES;
				ENABLE_TESTABILITY = YES;
				GCC_C_LANGUAGE_STANDARD = gnu11;
				GCC_DYNAMIC_NO_PIC = NO;
				GCC_NO_COMMON_BLOCKS = YES;
				GCC_OPTIMIZATION_LEVEL = 0;
				GCC_PREPROCESSOR_DEFINITIONS = (
					"DEBUG=1",
					"$(inherited)",
				);
				GCC_WARN_64_TO_32_BIT_CONVERSION = YES;
				GCC_WARN_ABOUT_RETURN_TYPE = YES_ERROR;
				GCC_WARN_UNDECLARED_SELECTOR = YES;
				GCC_WARN_UNINITIALIZED_AUTOS = YES_AGGRESSIVE;
				GCC_WARN_UNUSED_FUNCTION = YES;
				GCC_WARN_UNUSED_VARIABLE = YES;
				IPHONEOS_DEPLOYMENT_TARGET = 14.5;
				MTL_ENABLE_DEBUG_INFO = INCLUDE_SOURCE;
				MTL_FAST_MATH = YES;
				ONLY_ACTIVE_ARCH = YES;
				SDKROOT = iphoneos;
				SWIFT_ACTIVE_COMPILATION_CONDITIONS = DEBUG;
				SWIFT_OPTIMIZATION_LEVEL = "-Onone";
			};
			name = Debug;
		};
		2E12587F26E5AD920032954D /* Release */ = {
			isa = XCBuildConfiguration;
			buildSettings = {
				ALWAYS_SEARCH_USER_PATHS = NO;
				CLANG_ANALYZER_NONNULL = YES;
				CLANG_ANALYZER_NUMBER_OBJECT_CONVERSION = YES_AGGRESSIVE;
				CLANG_CXX_LANGUAGE_STANDARD = "gnu++14";
				CLANG_CXX_LIBRARY = "libc++";
				CLANG_ENABLE_MODULES = YES;
				CLANG_ENABLE_OBJC_ARC = YES;
				CLANG_ENABLE_OBJC_WEAK = YES;
				CLANG_WARN_BLOCK_CAPTURE_AUTORELEASING = YES;
				CLANG_WARN_BOOL_CONVERSION = YES;
				CLANG_WARN_COMMA = YES;
				CLANG_WARN_CONSTANT_CONVERSION = YES;
				CLANG_WARN_DEPRECATED_OBJC_IMPLEMENTATIONS = YES;
				CLANG_WARN_DIRECT_OBJC_ISA_USAGE = YES_ERROR;
				CLANG_WARN_DOCUMENTATION_COMMENTS = YES;
				CLANG_WARN_EMPTY_BODY = YES;
				CLANG_WARN_ENUM_CONVERSION = YES;
				CLANG_WARN_INFINITE_RECURSION = YES;
				CLANG_WARN_INT_CONVERSION = YES;
				CLANG_WARN_NON_LITERAL_NULL_CONVERSION = YES;
				CLANG_WARN_OBJC_IMPLICIT_RETAIN_SELF = YES;
				CLANG_WARN_OBJC_LITERAL_CONVERSION = YES;
				CLANG_WARN_OBJC_ROOT_CLASS = YES_ERROR;
				CLANG_WARN_QUOTED_INCLUDE_IN_FRAMEWORK_HEADER = YES;
				CLANG_WARN_RANGE_LOOP_ANALYSIS = YES;
				CLANG_WARN_STRICT_PROTOTYPES = YES;
				CLANG_WARN_SUSPICIOUS_MOVE = YES;
				CLANG_WARN_UNGUARDED_AVAILABILITY = YES_AGGRESSIVE;
				CLANG_WARN_UNREACHABLE_CODE = YES;
				CLANG_WARN__DUPLICATE_METHOD_MATCH = YES;
				COPY_PHASE_STRIP = NO;
				DEBUG_INFORMATION_FORMAT = "dwarf-with-dsym";
				ENABLE_NS_ASSERTIONS = NO;
				ENABLE_STRICT_OBJC_MSGSEND = YES;
				GCC_C_LANGUAGE_STANDARD = gnu11;
				GCC_NO_COMMON_BLOCKS = YES;
				GCC_WARN_64_TO_32_BIT_CONVERSION = YES;
				GCC_WARN_ABOUT_RETURN_TYPE = YES_ERROR;
				GCC_WARN_UNDECLARED_SELECTOR = YES;
				GCC_WARN_UNINITIALIZED_AUTOS = YES_AGGRESSIVE;
				GCC_WARN_UNUSED_FUNCTION = YES;
				GCC_WARN_UNUSED_VARIABLE = YES;
				IPHONEOS_DEPLOYMENT_TARGET = 14.5;
				MTL_ENABLE_DEBUG_INFO = NO;
				MTL_FAST_MATH = YES;
				SDKROOT = iphoneos;
				SWIFT_COMPILATION_MODE = wholemodule;
				SWIFT_OPTIMIZATION_LEVEL = "-O";
				VALIDATE_PRODUCT = YES;
			};
			name = Release;
		};
		2E12588126E5AD920032954D /* Debug */ = {
			isa = XCBuildConfiguration;
			buildSettings = {
				ASSETCATALOG_COMPILER_APPICON_NAME = AppIcon;
				ASSETCATALOG_COMPILER_GLOBAL_ACCENT_COLOR_NAME = AccentColor;
				CODE_SIGN_STYLE = Automatic;
				DEVELOPMENT_ASSET_PATHS = "\"Flag-Raising Pro/Preview Content\"";
				ENABLE_PREVIEWS = YES;
				INFOPLIST_FILE = "Flag-Raising Pro/Info.plist";
				IPHONEOS_DEPLOYMENT_TARGET = 14.0;
				LD_RUNPATH_SEARCH_PATHS = (
					"$(inherited)",
					"@executable_path/Frameworks",
				);
				PRODUCT_BUNDLE_IDENTIFIER = "me.xuyuan.Flag-Raising-Pro";
				PRODUCT_NAME = "$(TARGET_NAME)";
				SWIFT_VERSION = 5.0;
				TARGETED_DEVICE_FAMILY = "1,2";
			};
			name = Debug;
		};
		2E12588226E5AD920032954D /* Release */ = {
			isa = XCBuildConfiguration;
			buildSettings = {
				ASSETCATALOG_COMPILER_APPICON_NAME = AppIcon;
				ASSETCATALOG_COMPILER_GLOBAL_ACCENT_COLOR_NAME = AccentColor;
				CODE_SIGN_STYLE = Automatic;
				DEVELOPMENT_ASSET_PATHS = "\"Flag-Raising Pro/Preview Content\"";
				ENABLE_PREVIEWS = YES;
				INFOPLIST_FILE = "Flag-Raising Pro/Info.plist";
				IPHONEOS_DEPLOYMENT_TARGET = 14.0;
				LD_RUNPATH_SEARCH_PATHS = (
					"$(inherited)",
					"@executable_path/Frameworks",
				);
				PRODUCT_BUNDLE_IDENTIFIER = "me.xuyuan.Flag-Raising-Pro";
				PRODUCT_NAME = "$(TARGET_NAME)";
				SWIFT_VERSION = 5.0;
				TARGETED_DEVICE_FAMILY = "1,2";
			};
			name = Release;
		};
		2E12588426E5AD920032954D /* Debug */ = {
			isa = XCBuildConfiguration;
			buildSettings = {
				ALWAYS_EMBED_SWIFT_STANDARD_LIBRARIES = YES;
				BUNDLE_LOADER = "$(TEST_HOST)";
				CODE_SIGN_STYLE = Automatic;
				INFOPLIST_FILE = "Flag-Raising ProTests/Info.plist";
				IPHONEOS_DEPLOYMENT_TARGET = 14.0;
				LD_RUNPATH_SEARCH_PATHS = (
					"$(inherited)",
					"@executable_path/Frameworks",
					"@loader_path/Frameworks",
				);
				PRODUCT_BUNDLE_IDENTIFIER = "me.xuyuan.Flag-Raising-ProTests";
				PRODUCT_NAME = "$(TARGET_NAME)";
				SWIFT_VERSION = 5.0;
				TARGETED_DEVICE_FAMILY = "1,2";
				TEST_HOST = "$(BUILT_PRODUCTS_DIR)/Flag-Raising Pro.app/Flag-Raising Pro";
			};
			name = Debug;
		};
		2E12588526E5AD920032954D /* Release */ = {
			isa = XCBuildConfiguration;
			buildSettings = {
				ALWAYS_EMBED_SWIFT_STANDARD_LIBRARIES = YES;
				BUNDLE_LOADER = "$(TEST_HOST)";
				CODE_SIGN_STYLE = Automatic;
				INFOPLIST_FILE = "Flag-Raising ProTests/Info.plist";
				IPHONEOS_DEPLOYMENT_TARGET = 14.0;
				LD_RUNPATH_SEARCH_PATHS = (
					"$(inherited)",
					"@executable_path/Frameworks",
					"@loader_path/Frameworks",
				);
				PRODUCT_BUNDLE_IDENTIFIER = "me.xuyuan.Flag-Raising-ProTests";
				PRODUCT_NAME = "$(TARGET_NAME)";
				SWIFT_VERSION = 5.0;
				TARGETED_DEVICE_FAMILY = "1,2";
				TEST_HOST = "$(BUILT_PRODUCTS_DIR)/Flag-Raising Pro.app/Flag-Raising Pro";
			};
			name = Release;
		};
		2E12588726E5AD920032954D /* Debug */ = {
			isa = XCBuildConfiguration;
			buildSettings = {
				ALWAYS_EMBED_SWIFT_STANDARD_LIBRARIES = YES;
				CODE_SIGN_STYLE = Automatic;
				INFOPLIST_FILE = "Flag-Raising ProUITests/Info.plist";
				LD_RUNPATH_SEARCH_PATHS = (
					"$(inherited)",
					"@executable_path/Frameworks",
					"@loader_path/Frameworks",
				);
				PRODUCT_BUNDLE_IDENTIFIER = "me.xuyuan.Flag-Raising-ProUITests";
				PRODUCT_NAME = "$(TARGET_NAME)";
				SWIFT_VERSION = 5.0;
				TARGETED_DEVICE_FAMILY = "1,2";
				TEST_TARGET_NAME = "Flag-Raising Pro";
			};
			name = Debug;
		};
		2E12588826E5AD920032954D /* Release */ = {
			isa = XCBuildConfiguration;
			buildSettings = {
				ALWAYS_EMBED_SWIFT_STANDARD_LIBRARIES = YES;
				CODE_SIGN_STYLE = Automatic;
				INFOPLIST_FILE = "Flag-Raising ProUITests/Info.plist";
				LD_RUNPATH_SEARCH_PATHS = (
					"$(inherited)",
					"@executable_path/Frameworks",
					"@loader_path/Frameworks",
				);
				PRODUCT_BUNDLE_IDENTIFIER = "me.xuyuan.Flag-Raising-ProUITests";
				PRODUCT_NAME = "$(TARGET_NAME)";
				SWIFT_VERSION = 5.0;
				TARGETED_DEVICE_FAMILY = "1,2";
				TEST_TARGET_NAME = "Flag-Raising Pro";
			};
			name = Release;
		};
/* End XCBuildConfiguration section */

/* Begin XCConfigurationList section */
		2E12585626E5AD8F0032954D /* Build configuration list for PBXProject "Flag-Raising Pro" */ = {
			isa = XCConfigurationList;
			buildConfigurations = (
				2E12587E26E5AD920032954D /* Debug */,
				2E12587F26E5AD920032954D /* Release */,
			);
			defaultConfigurationIsVisible = 0;
			defaultConfigurationName = Release;
		};
		2E12588026E5AD920032954D /* Build configuration list for PBXNativeTarget "Flag-Raising Pro" */ = {
			isa = XCConfigurationList;
			buildConfigurations = (
				2E12588126E5AD920032954D /* Debug */,
				2E12588226E5AD920032954D /* Release */,
			);
			defaultConfigurationIsVisible = 0;
			defaultConfigurationName = Release;
		};
		2E12588326E5AD920032954D /* Build configuration list for PBXNativeTarget "Flag-Raising ProTests" */ = {
			isa = XCConfigurationList;
			buildConfigurations = (
				2E12588426E5AD920032954D /* Debug */,
				2E12588526E5AD920032954D /* Release */,
			);
			defaultConfigurationIsVisible = 0;
			defaultConfigurationName = Release;
		};
		2E12588626E5AD920032954D /* Build configuration list for PBXNativeTarget "Flag-Raising ProUITests" */ = {
			isa = XCConfigurationList;
			buildConfigurations = (
				2E12588726E5AD920032954D /* Debug */,
				2E12588826E5AD920032954D /* Release */,
			);
			defaultConfigurationIsVisible = 0;
			defaultConfigurationName = Release;
		};
/* End XCConfigurationList section */
	};
	rootObject = 2E12585326E5AD8F0032954D /* Project object */;
}
